# This file is automatically @generated by Cargo.
# It is not intended for manual editing.
version = 4

[[package]]
name = "libos32term"
version = "0.1.0"

[[package]]
name = "libos32term_render"
version = "0.1.0"
dependencies = [
 "libos32term",
]

[[package]]
name = "t5a_display_host_tests"
version = "0.1.0"
dependencies = [
 "libos32term",
 "libos32term_render",
]
